
Microsoft Visual Studio Solution File, Format Version 12.00
# Visual Studio Version 17
VisualStudioVersion = 17.7.34221.43
MinimumVisualStudioVersion = 10.0.40219.1
Project("{9A19103F-16F7-4668-BE54-9A1E7A4F7556}") = "BibliotecaWebMVC", "BibliotecaWebMVC\BibliotecaWebMVC.csproj", "{CA108C0F-5E4E-4887-9E03-4DF2AAD6D87A}"
EndProject
Global
	GlobalSection(SolutionConfigurationPlatforms) = preSolution
		Debug|Any CPU = Debug|Any CPU
		Release|Any CPU = Release|Any CPU
	EndGlobalSection
	GlobalSection(ProjectConfigurationPlatforms) = postSolution
		{CA108C0F-5E4E-4887-9E03-4DF2AAD6D87A}.Debug|Any CPU.ActiveCfg = Debug|Any CPU
		{CA108C0F-5E4E-4887-9E03-4DF2AAD6D87A}.Debug|Any CPU.Build.0 = Debug|Any CPU
		{CA108C0F-5E4E-4887-9E03-4DF2AAD6D87A}.Release|Any CPU.ActiveCfg = Release|Any CPU
		{CA108C0F-5E4E-4887-9E03-4DF2AAD6D87A}.Release|Any CPU.Build.0 = Release|Any CPU
	EndGlobalSection
	GlobalSection(SolutionProperties) = preSolution
		HideSolutionNode = FALSE
	EndGlobalSection
	GlobalSection(ExtensibilityGlobals) = postSolution
		SolutionGuid = {83234FDB-6A4E-4C99-8438-BEE0A81EC2FA}
	EndGlobalSection
EndGlobal
